
Microsoft Visual Studio Solution File, Format Version 12.00
# Visual Studio Version 16
VisualStudioVersion = 16.0.31729.503
MinimumVisualStudioVersion = 10.0.40219.1
Project("{9A19103F-16F7-4668-BE54-9A1E7A4F7556}") = "RecipeBuddyCore", "RecipeBuddySol.Core\RecipeBuddyCore.csproj", "{F357F96D-C2AC-4B75-9B14-F15FC3B0E240}"
EndProject
Project("{FAE04EC0-301F-11D3-BF4B-00C04F79EFBC}") = "RecipeBuddy", "RecipeBuddyApp\RecipeBuddy.csproj", "{6D0D5371-B9DD-45B8-A990-FF2B86237BB9}"
EndProject
Global
	GlobalSection(SolutionConfigurationPlatforms) = preSolution
		64-build|Any CPU = 64-build|Any CPU
		64-build|ARM = 64-build|ARM
		64-build|ARM64 = 64-build|ARM64
		64-build|x64 = 64-build|x64
		64-build|x86 = 64-build|x86
		any|Any CPU = any|Any CPU
		any|ARM = any|ARM
		any|ARM64 = any|ARM64
		any|x64 = any|x64
		any|x86 = any|x86
		Debug|Any CPU = Debug|Any CPU
		Debug|ARM = Debug|ARM
		Debug|ARM64 = Debug|ARM64
		Debug|x64 = Debug|x64
		Debug|x86 = Debug|x86
		Release|Any CPU = Release|Any CPU
		Release|ARM = Release|ARM
		Release|ARM64 = Release|ARM64
		Release|x64 = Release|x64
		Release|x86 = Release|x86
	EndGlobalSection
	GlobalSection(ProjectConfigurationPlatforms) = postSolution
		{F357F96D-C2AC-4B75-9B14-F15FC3B0E240}.64-build|Any CPU.ActiveCfg = 64-build|Any CPU
		{F357F96D-C2AC-4B75-9B14-F15FC3B0E240}.64-build|Any CPU.Build.0 = 64-build|Any CPU
		{F357F96D-C2AC-4B75-9B14-F15FC3B0E240}.64-build|ARM.ActiveCfg = 64-build|Any CPU
		{F357F96D-C2AC-4B75-9B14-F15FC3B0E240}.64-build|ARM.Build.0 = 64-build|Any CPU
		{F357F96D-C2AC-4B75-9B14-F15FC3B0E240}.64-build|ARM64.ActiveCfg = 64-build|Any CPU
		{F357F96D-C2AC-4B75-9B14-F15FC3B0E240}.64-build|ARM64.Build.0 = 64-build|Any CPU
		{F357F96D-C2AC-4B75-9B14-F15FC3B0E240}.64-build|x64.ActiveCfg = 64-build|Any CPU
		{F357F96D-C2AC-4B75-9B14-F15FC3B0E240}.64-build|x64.Build.0 = 64-build|Any CPU
		{F357F96D-C2AC-4B75-9B14-F15FC3B0E240}.64-build|x86.ActiveCfg = 64-build|Any CPU
		{F357F96D-C2AC-4B75-9B14-F15FC3B0E240}.64-build|x86.Build.0 = 64-build|Any CPU
		{F357F96D-C2AC-4B75-9B14-F15FC3B0E240}.any|Any CPU.ActiveCfg = any|Any CPU
		{F357F96D-C2AC-4B75-9B14-F15FC3B0E240}.any|Any CPU.Build.0 = any|Any CPU
		{F357F96D-C2AC-4B75-9B14-F15FC3B0E240}.any|ARM.ActiveCfg = any|Any CPU
		{F357F96D-C2AC-4B75-9B14-F15FC3B0E240}.any|ARM.Build.0 = any|Any CPU
		{F357F96D-C2AC-4B75-9B14-F15FC3B0E240}.any|ARM64.ActiveCfg = any|Any CPU
		{F357F96D-C2AC-4B75-9B14-F15FC3B0E240}.any|ARM64.Build.0 = any|Any CPU
		{F357F96D-C2AC-4B75-9B14-F15FC3B0E240}.any|x64.ActiveCfg = any|Any CPU
		{F357F96D-C2AC-4B75-9B14-F15FC3B0E240}.any|x64.Build.0 = any|Any CPU
		{F357F96D-C2AC-4B75-9B14-F15FC3B0E240}.any|x86.ActiveCfg = Debug|Any CPU
		{F357F96D-C2AC-4B75-9B14-F15FC3B0E240}.any|x86.Build.0 = Debug|Any CPU
		{F357F96D-C2AC-4B75-9B14-F15FC3B0E240}.Debug|Any CPU.ActiveCfg = Debug|Any CPU
		{F357F96D-C2AC-4B75-9B14-F15FC3B0E240}.Debug|Any CPU.Build.0 = Debug|Any CPU
		{F357F96D-C2AC-4B75-9B14-F15FC3B0E240}.Debug|ARM.ActiveCfg = Debug|Any CPU
		{F357F96D-C2AC-4B75-9B14-F15FC3B0E240}.Debug|ARM.Build.0 = Debug|Any CPU
		{F357F96D-C2AC-4B75-9B14-F15FC3B0E240}.Debug|ARM64.ActiveCfg = Debug|Any CPU
		{F357F96D-C2AC-4B75-9B14-F15FC3B0E240}.Debug|ARM64.Build.0 = Debug|Any CPU
		{F357F96D-C2AC-4B75-9B14-F15FC3B0E240}.Debug|x64.ActiveCfg = Debug|Any CPU
		{F357F96D-C2AC-4B75-9B14-F15FC3B0E240}.Debug|x64.Build.0 = Debug|Any CPU
		{F357F96D-C2AC-4B75-9B14-F15FC3B0E240}.Debug|x86.ActiveCfg = Debug|Any CPU
		{F357F96D-C2AC-4B75-9B14-F15FC3B0E240}.Debug|x86.Build.0 = Debug|Any CPU
		{F357F96D-C2AC-4B75-9B14-F15FC3B0E240}.Release|Any CPU.ActiveCfg = Release|Any CPU
		{F357F96D-C2AC-4B75-9B14-F15FC3B0E240}.Release|Any CPU.Build.0 = Release|Any CPU
		{F357F96D-C2AC-4B75-9B14-F15FC3B0E240}.Release|ARM.ActiveCfg = Release|Any CPU
		{F357F96D-C2AC-4B75-9B14-F15FC3B0E240}.Release|ARM.Build.0 = Release|Any CPU
		{F357F96D-C2AC-4B75-9B14-F15FC3B0E240}.Release|ARM64.ActiveCfg = Release|Any CPU
		{F357F96D-C2AC-4B75-9B14-F15FC3B0E240}.Release|ARM64.Build.0 = Release|Any CPU
		{F357F96D-C2AC-4B75-9B14-F15FC3B0E240}.Release|x64.ActiveCfg = Release|Any CPU
		{F357F96D-C2AC-4B75-9B14-F15FC3B0E240}.Release|x64.Build.0 = Release|Any CPU
		{F357F96D-C2AC-4B75-9B14-F15FC3B0E240}.Release|x86.ActiveCfg = Release|Any CPU
		{F357F96D-C2AC-4B75-9B14-F15FC3B0E240}.Release|x86.Build.0 = Release|Any CPU
		{6D0D5371-B9DD-45B8-A990-FF2B86237BB9}.64-build|Any CPU.ActiveCfg = Debug|x86
		{6D0D5371-B9DD-45B8-A990-FF2B86237BB9}.64-build|Any CPU.Build.0 = Debug|x86
		{6D0D5371-B9DD-45B8-A990-FF2B86237BB9}.64-build|Any CPU.Deploy.0 = Debug|x86
		{6D0D5371-B9DD-45B8-A990-FF2B86237BB9}.64-build|ARM.ActiveCfg = Debug|ARM
		{6D0D5371-B9DD-45B8-A990-FF2B86237BB9}.64-build|ARM.Build.0 = Debug|ARM
		{6D0D5371-B9DD-45B8-A990-FF2B86237BB9}.64-build|ARM.Deploy.0 = Debug|ARM
		{6D0D5371-B9DD-45B8-A990-FF2B86237BB9}.64-build|ARM64.ActiveCfg = Debug|ARM64
		{6D0D5371-B9DD-45B8-A990-FF2B86237BB9}.64-build|ARM64.Build.0 = Debug|ARM64
		{6D0D5371-B9DD-45B8-A990-FF2B86237BB9}.64-build|ARM64.Deploy.0 = Debug|ARM64
		{6D0D5371-B9DD-45B8-A990-FF2B86237BB9}.64-build|x64.ActiveCfg = Debug|x64
		{6D0D5371-B9DD-45B8-A990-FF2B86237BB9}.64-build|x64.Build.0 = Debug|x64
		{6D0D5371-B9DD-45B8-A990-FF2B86237BB9}.64-build|x64.Deploy.0 = Debug|x64
		{6D0D5371-B9DD-45B8-A990-FF2B86237BB9}.64-build|x86.ActiveCfg = Debug|x86
		{6D0D5371-B9DD-45B8-A990-FF2B86237BB9}.64-build|x86.Build.0 = Debug|x86
		{6D0D5371-B9DD-45B8-A990-FF2B86237BB9}.64-build|x86.Deploy.0 = Debug|x86
		{6D0D5371-B9DD-45B8-A990-FF2B86237BB9}.any|Any CPU.ActiveCfg = Debug|x86
		{6D0D5371-B9DD-45B8-A990-FF2B86237BB9}.any|Any CPU.Build.0 = Debug|x86
		{6D0D5371-B9DD-45B8-A990-FF2B86237BB9}.any|Any CPU.Deploy.0 = Debug|x86
		{6D0D5371-B9DD-45B8-A990-FF2B86237BB9}.any|ARM.ActiveCfg = Debug|ARM
		{6D0D5371-B9DD-45B8-A990-FF2B86237BB9}.any|ARM.Build.0 = Debug|ARM
		{6D0D5371-B9DD-45B8-A990-FF2B86237BB9}.any|ARM.Deploy.0 = Debug|ARM
		{6D0D5371-B9DD-45B8-A990-FF2B86237BB9}.any|ARM64.ActiveCfg = Debug|ARM64
		{6D0D5371-B9DD-45B8-A990-FF2B86237BB9}.any|ARM64.Build.0 = Debug|ARM64
		{6D0D5371-B9DD-45B8-A990-FF2B86237BB9}.any|ARM64.Deploy.0 = Debug|ARM64
		{6D0D5371-B9DD-45B8-A990-FF2B86237BB9}.any|x64.ActiveCfg = Debug|x64
		{6D0D5371-B9DD-45B8-A990-FF2B86237BB9}.any|x64.Build.0 = Debug|x64
		{6D0D5371-B9DD-45B8-A990-FF2B86237BB9}.any|x64.Deploy.0 = Debug|x64
		{6D0D5371-B9DD-45B8-A990-FF2B86237BB9}.any|x86.ActiveCfg = Debug|x86
		{6D0D5371-B9DD-45B8-A990-FF2B86237BB9}.any|x86.Build.0 = Debug|x86
		{6D0D5371-B9DD-45B8-A990-FF2B86237BB9}.any|x86.Deploy.0 = Debug|x86
		{6D0D5371-B9DD-45B8-A990-FF2B86237BB9}.Debug|Any CPU.ActiveCfg = Debug|x86
		{6D0D5371-B9DD-45B8-A990-FF2B86237BB9}.Debug|Any CPU.Build.0 = Debug|x86
		{6D0D5371-B9DD-45B8-A990-FF2B86237BB9}.Debug|ARM.ActiveCfg = Debug|ARM
		{6D0D5371-B9DD-45B8-A990-FF2B86237BB9}.Debug|ARM.Build.0 = Debug|ARM
		{6D0D5371-B9DD-45B8-A990-FF2B86237BB9}.Debug|ARM.Deploy.0 = Debug|ARM
		{6D0D5371-B9DD-45B8-A990-FF2B86237BB9}.Debug|ARM64.ActiveCfg = Debug|ARM64
		{6D0D5371-B9DD-45B8-A990-FF2B86237BB9}.Debug|ARM64.Build.0 = Debug|ARM64
		{6D0D5371-B9DD-45B8-A990-FF2B86237BB9}.Debug|ARM64.Deploy.0 = Debug|ARM64
		{6D0D5371-B9DD-45B8-A990-FF2B86237BB9}.Debug|x64.ActiveCfg = Debug|x64
		{6D0D5371-B9DD-45B8-A990-FF2B86237BB9}.Debug|x64.Build.0 = Debug|x64
		{6D0D5371-B9DD-45B8-A990-FF2B86237BB9}.Debug|x64.Deploy.0 = Debug|x64
		{6D0D5371-B9DD-45B8-A990-FF2B86237BB9}.Debug|x86.ActiveCfg = Debug|x86
		{6D0D5371-B9DD-45B8-A990-FF2B86237BB9}.Debug|x86.Build.0 = Debug|x86
		{6D0D5371-B9DD-45B8-A990-FF2B86237BB9}.Debug|x86.Deploy.0 = Debug|x86
		{6D0D5371-B9DD-45B8-A990-FF2B86237BB9}.Release|Any CPU.ActiveCfg = Release|x86
		{6D0D5371-B9DD-45B8-A990-FF2B86237BB9}.Release|ARM.ActiveCfg = Release|ARM
		{6D0D5371-B9DD-45B8-A990-FF2B86237BB9}.Release|ARM.Build.0 = Release|ARM
		{6D0D5371-B9DD-45B8-A990-FF2B86237BB9}.Release|ARM.Deploy.0 = Release|ARM
		{6D0D5371-B9DD-45B8-A990-FF2B86237BB9}.Release|ARM64.ActiveCfg = Release|ARM64
		{6D0D5371-B9DD-45B8-A990-FF2B86237BB9}.Release|ARM64.Build.0 = Release|ARM64
		{6D0D5371-B9DD-45B8-A990-FF2B86237BB9}.Release|ARM64.Deploy.0 = Release|ARM64
		{6D0D5371-B9DD-45B8-A990-FF2B86237BB9}.Release|x64.ActiveCfg = Release|x64
		{6D0D5371-B9DD-45B8-A990-FF2B86237BB9}.Release|x64.Build.0 = Release|x64
		{6D0D5371-B9DD-45B8-A990-FF2B86237BB9}.Release|x64.Deploy.0 = Release|x64
		{6D0D5371-B9DD-45B8-A990-FF2B86237BB9}.Release|x86.ActiveCfg = Release|x86
		{6D0D5371-B9DD-45B8-A990-FF2B86237BB9}.Release|x86.Build.0 = Release|x86
		{6D0D5371-B9DD-45B8-A990-FF2B86237BB9}.Release|x86.Deploy.0 = Release|x86
	EndGlobalSection
	GlobalSection(SolutionProperties) = preSolution
		HideSolutionNode = FALSE
	EndGlobalSection
	GlobalSection(ExtensibilityGlobals) = postSolution
		SolutionGuid = {13244F63-8D18-48F7-B4A3-9AC72F22F2E3}
	EndGlobalSection
EndGlobal
